
Microsoft Visual Studio Solution File, Format Version 12.00
# Visual Studio 15
VisualStudioVersion = 15.0.28010.2026
MinimumVisualStudioVersion = 10.0.40219.1
Project("{FAE04EC0-301F-11D3-BF4B-00C04F79EFBC}") = "CSHARP_ATM", "CSHARP_ATM\CSHARP_ATM.csproj", "{6A89CDF2-6590-4EF3-AED5-30DF12C146DD}"
EndProject
Global
	GlobalSection(SolutionConfigurationPlatforms) = preSolution
		Debug|Any CPU = Debug|Any CPU
		Release|Any CPU = Release|Any CPU
	EndGlobalSection
	GlobalSection(ProjectConfigurationPlatforms) = postSolution
		{6A89CDF2-6590-4EF3-AED5-30DF12C146DD}.Debug|Any CPU.ActiveCfg = Debug|Any CPU
		{6A89CDF2-6590-4EF3-AED5-30DF12C146DD}.Debug|Any CPU.Build.0 = Debug|Any CPU
		{6A89CDF2-6590-4EF3-AED5-30DF12C146DD}.Release|Any CPU.ActiveCfg = Release|Any CPU
		{6A89CDF2-6590-4EF3-AED5-30DF12C146DD}.Release|Any CPU.Build.0 = Release|Any CPU
	EndGlobalSection
	GlobalSection(SolutionProperties) = preSolution
		HideSolutionNode = FALSE
	EndGlobalSection
	GlobalSection(ExtensibilityGlobals) = postSolution
		SolutionGuid = {F50E6708-3E21-46C9-A985-CFD77738CAA3}
	EndGlobalSection
EndGlobal
